
Microsoft Visual Studio Solution File, Format Version 12.00
# Visual Studio Version 17
VisualStudioVersion = 17.14.36518.9 d17.14
MinimumVisualStudioVersion = 10.0.40219.1
Project("{FAE04EC0-301F-11D3-BF4B-00C04F79EFBC}") = "DoctorBooking.CRUD", "DoctorBooking.CRUD.csproj", "{AE0E4286-442D-4A7A-B991-32543E7AD27C}"
EndProject
Global
	GlobalSection(SolutionConfigurationPlatforms) = preSolution
		Debug|Any CPU = Debug|Any CPU
		Release|Any CPU = Release|Any CPU
	EndGlobalSection
	GlobalSection(ProjectConfigurationPlatforms) = postSolution
		{AE0E4286-442D-4A7A-B991-32543E7AD27C}.Debug|Any CPU.ActiveCfg = Debug|Any CPU
		{AE0E4286-442D-4A7A-B991-32543E7AD27C}.Debug|Any CPU.Build.0 = Debug|Any CPU
		{AE0E4286-442D-4A7A-B991-32543E7AD27C}.Release|Any CPU.ActiveCfg = Release|Any CPU
		{AE0E4286-442D-4A7A-B991-32543E7AD27C}.Release|Any CPU.Build.0 = Release|Any CPU
	EndGlobalSection
	GlobalSection(SolutionProperties) = preSolution
		HideSolutionNode = FALSE
	EndGlobalSection
	GlobalSection(ExtensibilityGlobals) = postSolution
		SolutionGuid = {0D7E3E8F-2782-42EC-9737-F69E23FFA111}
	EndGlobalSection
EndGlobal
